
Microsoft Visual Studio Solution File, Format Version 12.00
# Visual Studio 15
VisualStudioVersion = 15.0.26124.0
MinimumVisualStudioVersion = 15.0.26124.0
Project("{FAE04EC0-301F-11D3-BF4B-00C04F79EFBC}") = "API", "API\API.csproj", "{02B4028E-87D1-4511-A120-EA1D9CE593F6}"
EndProject
Project("{FAE04EC0-301F-11D3-BF4B-00C04F79EFBC}") = "Core", "Core\Core.csproj", "{B7836197-6CE5-4266-B257-B84795CD81E1}"
EndProject
Project("{FAE04EC0-301F-11D3-BF4B-00C04F79EFBC}") = "Infrastructure", "Infrastructure\Infrastructure.csproj", "{895F5417-FEA2-4968-AD3C-CD019AEA50FF}"
EndProject
Global
	GlobalSection(SolutionConfigurationPlatforms) = preSolution
		Debug|Any CPU = Debug|Any CPU
		Debug|x64 = Debug|x64
		Debug|x86 = Debug|x86
		Release|Any CPU = Release|Any CPU
		Release|x64 = Release|x64
		Release|x86 = Release|x86
	EndGlobalSection
	GlobalSection(SolutionProperties) = preSolution
		HideSolutionNode = FALSE
	EndGlobalSection
	GlobalSection(ProjectConfigurationPlatforms) = postSolution
		{02B4028E-87D1-4511-A120-EA1D9CE593F6}.Debug|Any CPU.ActiveCfg = Debug|Any CPU
		{02B4028E-87D1-4511-A120-EA1D9CE593F6}.Debug|Any CPU.Build.0 = Debug|Any CPU
		{02B4028E-87D1-4511-A120-EA1D9CE593F6}.Debug|x64.ActiveCfg = Debug|Any CPU
		{02B4028E-87D1-4511-A120-EA1D9CE593F6}.Debug|x64.Build.0 = Debug|Any CPU
		{02B4028E-87D1-4511-A120-EA1D9CE593F6}.Debug|x86.ActiveCfg = Debug|Any CPU
		{02B4028E-87D1-4511-A120-EA1D9CE593F6}.Debug|x86.Build.0 = Debug|Any CPU
		{02B4028E-87D1-4511-A120-EA1D9CE593F6}.Release|Any CPU.ActiveCfg = Release|Any CPU
		{02B4028E-87D1-4511-A120-EA1D9CE593F6}.Release|Any CPU.Build.0 = Release|Any CPU
		{02B4028E-87D1-4511-A120-EA1D9CE593F6}.Release|x64.ActiveCfg = Release|Any CPU
		{02B4028E-87D1-4511-A120-EA1D9CE593F6}.Release|x64.Build.0 = Release|Any CPU
		{02B4028E-87D1-4511-A120-EA1D9CE593F6}.Release|x86.ActiveCfg = Release|Any CPU
		{02B4028E-87D1-4511-A120-EA1D9CE593F6}.Release|x86.Build.0 = Release|Any CPU
		{B7836197-6CE5-4266-B257-B84795CD81E1}.Debug|Any CPU.ActiveCfg = Debug|Any CPU
		{B7836197-6CE5-4266-B257-B84795CD81E1}.Debug|Any CPU.Build.0 = Debug|Any CPU
		{B7836197-6CE5-4266-B257-B84795CD81E1}.Debug|x64.ActiveCfg = Debug|Any CPU
		{B7836197-6CE5-4266-B257-B84795CD81E1}.Debug|x64.Build.0 = Debug|Any CPU
		{B7836197-6CE5-4266-B257-B84795CD81E1}.Debug|x86.ActiveCfg = Debug|Any CPU
		{B7836197-6CE5-4266-B257-B84795CD81E1}.Debug|x86.Build.0 = Debug|Any CPU
		{B7836197-6CE5-4266-B257-B84795CD81E1}.Release|Any CPU.ActiveCfg = Release|Any CPU
		{B7836197-6CE5-4266-B257-B84795CD81E1}.Release|Any CPU.Build.0 = Release|Any CPU
		{B7836197-6CE5-4266-B257-B84795CD81E1}.Release|x64.ActiveCfg = Release|Any CPU
		{B7836197-6CE5-4266-B257-B84795CD81E1}.Release|x64.Build.0 = Release|Any CPU
		{B7836197-6CE5-4266-B257-B84795CD81E1}.Release|x86.ActiveCfg = Release|Any CPU
		{B7836197-6CE5-4266-B257-B84795CD81E1}.Release|x86.Build.0 = Release|Any CPU
		{895F5417-FEA2-4968-AD3C-CD019AEA50FF}.Debug|Any CPU.ActiveCfg = Debug|Any CPU
		{895F5417-FEA2-4968-AD3C-CD019AEA50FF}.Debug|Any CPU.Build.0 = Debug|Any CPU
		{895F5417-FEA2-4968-AD3C-CD019AEA50FF}.Debug|x64.ActiveCfg = Debug|Any CPU
		{895F5417-FEA2-4968-AD3C-CD019AEA50FF}.Debug|x64.Build.0 = Debug|Any CPU
		{895F5417-FEA2-4968-AD3C-CD019AEA50FF}.Debug|x86.ActiveCfg = Debug|Any CPU
		{895F5417-FEA2-4968-AD3C-CD019AEA50FF}.Debug|x86.Build.0 = Debug|Any CPU
		{895F5417-FEA2-4968-AD3C-CD019AEA50FF}.Release|Any CPU.ActiveCfg = Release|Any CPU
		{895F5417-FEA2-4968-AD3C-CD019AEA50FF}.Release|Any CPU.Build.0 = Release|Any CPU
		{895F5417-FEA2-4968-AD3C-CD019AEA50FF}.Release|x64.ActiveCfg = Release|Any CPU
		{895F5417-FEA2-4968-AD3C-CD019AEA50FF}.Release|x64.Build.0 = Release|Any CPU
		{895F5417-FEA2-4968-AD3C-CD019AEA50FF}.Release|x86.ActiveCfg = Release|Any CPU
		{895F5417-FEA2-4968-AD3C-CD019AEA50FF}.Release|x86.Build.0 = Release|Any CPU
	EndGlobalSection
EndGlobal
